
Microsoft Visual Studio Solution File, Format Version 12.00
# Visual Studio 15
VisualStudioVersion = 15.0.27130.2010
MinimumVisualStudioVersion = 10.0.40219.1
Project("{FAE04EC0-301F-11D3-BF4B-00C04F79EFBC}") = "Car", "Car\Car.csproj", "{EEC7F638-B4AD-4843-A116-E62F85A48C75}"
EndProject
Global
	GlobalSection(SolutionConfigurationPlatforms) = preSolution
		Debug|Any CPU = Debug|Any CPU
		Release|Any CPU = Release|Any CPU
	EndGlobalSection
	GlobalSection(ProjectConfigurationPlatforms) = postSolution
		{EEC7F638-B4AD-4843-A116-E62F85A48C75}.Debug|Any CPU.ActiveCfg = Debug|Any CPU
		{EEC7F638-B4AD-4843-A116-E62F85A48C75}.Debug|Any CPU.Build.0 = Debug|Any CPU
		{EEC7F638-B4AD-4843-A116-E62F85A48C75}.Release|Any CPU.ActiveCfg = Release|Any CPU
		{EEC7F638-B4AD-4843-A116-E62F85A48C75}.Release|Any CPU.Build.0 = Release|Any CPU
	EndGlobalSection
	GlobalSection(SolutionProperties) = preSolution
		HideSolutionNode = FALSE
	EndGlobalSection
	GlobalSection(ExtensibilityGlobals) = postSolution
		SolutionGuid = {86CF40CA-B69C-443D-9275-9B928D9E9A43}
	EndGlobalSection
EndGlobal
