
Microsoft Visual Studio Solution File, Format Version 12.00
# Visual Studio 2012
Project("{FAE04EC0-301F-11D3-BF4B-00C04F79EFBC}") = "Car", "Car\Car.csproj", "{5ABA4BBD-0BF6-4398-8AAF-85C3EBD40003}"
EndProject
Project("{FAE04EC0-301F-11D3-BF4B-00C04F79EFBC}") = "FrmOffice", "..\FrmOffice\FrmOffice.csproj", "{530F132B-C022-4372-A21D-B5718C6B1DED}"
EndProject
Global
	GlobalSection(SolutionConfigurationPlatforms) = preSolution
		Debug|Any CPU = Debug|Any CPU
		Release|Any CPU = Release|Any CPU
	EndGlobalSection
	GlobalSection(ProjectConfigurationPlatforms) = postSolution
		{5ABA4BBD-0BF6-4398-8AAF-85C3EBD40003}.Debug|Any CPU.ActiveCfg = Debug|Any CPU
		{5ABA4BBD-0BF6-4398-8AAF-85C3EBD40003}.Debug|Any CPU.Build.0 = Debug|Any CPU
		{5ABA4BBD-0BF6-4398-8AAF-85C3EBD40003}.Release|Any CPU.ActiveCfg = Release|Any CPU
		{5ABA4BBD-0BF6-4398-8AAF-85C3EBD40003}.Release|Any CPU.Build.0 = Release|Any CPU
		{530F132B-C022-4372-A21D-B5718C6B1DED}.Debug|Any CPU.ActiveCfg = Debug|Any CPU
		{530F132B-C022-4372-A21D-B5718C6B1DED}.Debug|Any CPU.Build.0 = Debug|Any CPU
		{530F132B-C022-4372-A21D-B5718C6B1DED}.Release|Any CPU.ActiveCfg = Release|Any CPU
		{530F132B-C022-4372-A21D-B5718C6B1DED}.Release|Any CPU.Build.0 = Release|Any CPU
	EndGlobalSection
	GlobalSection(SolutionProperties) = preSolution
		HideSolutionNode = FALSE
	EndGlobalSection
EndGlobal
