
Microsoft Visual Studio Solution File, Format Version 12.00
# Visual Studio 15
VisualStudioVersion = 15.0.27130.2010
MinimumVisualStudioVersion = 10.0.40219.1
Project("{FAE04EC0-301F-11D3-BF4B-00C04F79EFBC}") = "Order", "Order\Order.csproj", "{75748604-C1C1-4F55-B494-34E1D4870A63}"
EndProject
Global
	GlobalSection(SolutionConfigurationPlatforms) = preSolution
		Debug|Any CPU = Debug|Any CPU
		Release|Any CPU = Release|Any CPU
	EndGlobalSection
	GlobalSection(ProjectConfigurationPlatforms) = postSolution
		{75748604-C1C1-4F55-B494-34E1D4870A63}.Debug|Any CPU.ActiveCfg = Debug|Any CPU
		{75748604-C1C1-4F55-B494-34E1D4870A63}.Debug|Any CPU.Build.0 = Debug|Any CPU
		{75748604-C1C1-4F55-B494-34E1D4870A63}.Release|Any CPU.ActiveCfg = Release|Any CPU
		{75748604-C1C1-4F55-B494-34E1D4870A63}.Release|Any CPU.Build.0 = Release|Any CPU
	EndGlobalSection
	GlobalSection(SolutionProperties) = preSolution
		HideSolutionNode = FALSE
	EndGlobalSection
	GlobalSection(ExtensibilityGlobals) = postSolution
		SolutionGuid = {9264FE57-BF4D-4D42-A74E-2F13AEB6F3EC}
	EndGlobalSection
EndGlobal
