
Microsoft Visual Studio Solution File, Format Version 12.00
# Visual Studio 15
VisualStudioVersion = 15.0.27130.2010
MinimumVisualStudioVersion = 10.0.40219.1
Project("{FAE04EC0-301F-11D3-BF4B-00C04F79EFBC}") = "Wizard", "Wizard\Wizard.csproj", "{1D36B271-DD92-4EFB-8B72-66C7A6187164}"
EndProject
Global
	GlobalSection(SolutionConfigurationPlatforms) = preSolution
		Debug|Any CPU = Debug|Any CPU
		Release|Any CPU = Release|Any CPU
	EndGlobalSection
	GlobalSection(ProjectConfigurationPlatforms) = postSolution
		{1D36B271-DD92-4EFB-8B72-66C7A6187164}.Debug|Any CPU.ActiveCfg = Debug|Any CPU
		{1D36B271-DD92-4EFB-8B72-66C7A6187164}.Debug|Any CPU.Build.0 = Debug|Any CPU
		{1D36B271-DD92-4EFB-8B72-66C7A6187164}.Release|Any CPU.ActiveCfg = Release|Any CPU
		{1D36B271-DD92-4EFB-8B72-66C7A6187164}.Release|Any CPU.Build.0 = Release|Any CPU
	EndGlobalSection
	GlobalSection(SolutionProperties) = preSolution
		HideSolutionNode = FALSE
	EndGlobalSection
	GlobalSection(ExtensibilityGlobals) = postSolution
		SolutionGuid = {11EA9849-6123-4419-A0BC-9897967F3124}
	EndGlobalSection
EndGlobal
