
Microsoft Visual Studio Solution File, Format Version 12.00
# Visual Studio 2012
Project("{FAE04EC0-301F-11D3-BF4B-00C04F79EFBC}") = "ConsoleApplication1", "ConsoleApplication1\ConsoleApplication1.csproj", "{925512ED-3CCC-4F19-B00A-8B6EFDB0A022}"
EndProject
Project("{FAE04EC0-301F-11D3-BF4B-00C04F79EFBC}") = "Axe", "..\Axe\Axe.csproj", "{FE558B1B-EB4E-45AB-8E18-4DB534B38B60}"
EndProject
Global
	GlobalSection(SolutionConfigurationPlatforms) = preSolution
		Debug|Any CPU = Debug|Any CPU
		Release|Any CPU = Release|Any CPU
	EndGlobalSection
	GlobalSection(ProjectConfigurationPlatforms) = postSolution
		{925512ED-3CCC-4F19-B00A-8B6EFDB0A022}.Debug|Any CPU.ActiveCfg = Debug|Any CPU
		{925512ED-3CCC-4F19-B00A-8B6EFDB0A022}.Debug|Any CPU.Build.0 = Debug|Any CPU
		{925512ED-3CCC-4F19-B00A-8B6EFDB0A022}.Release|Any CPU.ActiveCfg = Release|Any CPU
		{925512ED-3CCC-4F19-B00A-8B6EFDB0A022}.Release|Any CPU.Build.0 = Release|Any CPU
		{FE558B1B-EB4E-45AB-8E18-4DB534B38B60}.Debug|Any CPU.ActiveCfg = Debug|Any CPU
		{FE558B1B-EB4E-45AB-8E18-4DB534B38B60}.Debug|Any CPU.Build.0 = Debug|Any CPU
		{FE558B1B-EB4E-45AB-8E18-4DB534B38B60}.Release|Any CPU.ActiveCfg = Release|Any CPU
		{FE558B1B-EB4E-45AB-8E18-4DB534B38B60}.Release|Any CPU.Build.0 = Release|Any CPU
	EndGlobalSection
	GlobalSection(SolutionProperties) = preSolution
		HideSolutionNode = FALSE
	EndGlobalSection
EndGlobal
